// !$*UTF8*$!
{
	archiveVersion = 1;
	classes = {
	};
	objectVersion = 50;
	objects = {

/* Begin PBXBuildFile section */
		42BA1E77239757A200F879E1 /* AppDelegate.m in Sources */ = {isa = PBXBuildFile; fileRef = 42BA1E76239757A200F879E1 /* AppDelegate.m */; };
		42BA1E7A239757A200F879E1 /* SceneDelegate.m in Sources */ = {isa = PBXBuildFile; fileRef = 42BA1E79239757A200F879E1 /* SceneDelegate.m */; };
		42BA1E7D239757A200F879E1 /* ViewController.m in Sources */ = {isa = PBXBuildFile; fileRef = 42BA1E7C239757A200F879E1 /* ViewController.m */; };
		42BA1E80239757A200F879E1 /* Main.storyboard in Resources */ = {isa = PBXBuildFile; fileRef = 42BA1E7E239757A200F879E1 /* Main.storyboard */; };
		42BA1E82239757A300F879E1 /* Assets.xcassets in Resources */ = {isa = PBXBuildFile; fileRef = 42BA1E81239757A300F879E1 /* Assets.xcassets */; };
		42BA1E85239757A300F879E1 /* LaunchScreen.storyboard in Resources */ = {isa = PBXBuildFile; fileRef = 42BA1E83239757A300F879E1 /* LaunchScreen.storyboard */; };
		42BA1E88239757A300F879E1 /* main.m in Sources */ = {isa = PBXBuildFile; fileRef = 42BA1E87239757A300F879E1 /* main.m */; };
		42BA1E902397584C00F879E1 /* UITableView+FixInvalidRowHeight.m in Sources */ = {isa = PBXBuildFile; fileRef = 42BA1E8F2397584C00F879E1 /* UITableView+FixInvalidRowHeight.m */; };
/* End PBXBuildFile section */

/* Begin PBXFileReference section */
		42BA1E72239757A200F879E1 /* FixInvalidRowHeight.app */ = {isa = PBXFileReference; explicitFileType = wrapper.application; includeInIndex = 0; path = FixInvalidRowHeight.app; sourceTree = BUILT_PRODUCTS_DIR; };
		42BA1E75239757A200F879E1 /* AppDelegate.h */ = {isa = PBXFileReference; lastKnownFileType = sourcecode.c.h; path = AppDelegate.h; sourceTree = "<group>"; };
		42BA1E76239757A200F879E1 /* AppDelegate.m */ = {isa = PBXFileReference; lastKnownFileType = sourcecode.c.objc; path = AppDelegate.m; sourceTree = "<group>"; };
		42BA1E78239757A200F879E1 /* SceneDelegate.h */ = {isa = PBXFileReference; lastKnownFileType = sourcecode.c.h; path = SceneDelegate.h; sourceTree = "<group>"; };
		42BA1E79239757A200F879E1 /* SceneDelegate.m */ = {isa = PBXFileReference; lastKnownFileType = sourcecode.c.objc; path = SceneDelegate.m; sourceTree = "<group>"; };
		42BA1E7B239757A200F879E1 /* ViewController.h */ = {isa = PBXFileReference; lastKnownFileType = sourcecode.c.h; path = ViewController.h; sourceTree = "<group>"; };
		42BA1E7C239757A200F879E1 /* ViewController.m */ = {isa = PBXFileReference; lastKnownFileType = sourcecode.c.objc; path = ViewController.m; sourceTree = "<group>"; };
		42BA1E7F239757A200F879E1 /* Base */ = {isa = PBXFileReference; lastKnownFileType = file.storyboard; name = Base; path = Base.lproj/Main.storyboard; sourceTree = "<group>"; };
		42BA1E81239757A300F879E1 /* Assets.xcassets */ = {isa = PBXFileReference; lastKnownFileType = folder.assetcatalog; path = Assets.xcassets; sourceTree = "<group>"; };
		42BA1E84239757A300F879E1 /* Base */ = {isa = PBXFileReference; lastKnownFileType = file.storyboard; name = Base; path = Base.lproj/LaunchScreen.storyboard; sourceTree = "<group>"; };
		42BA1E86239757A300F879E1 /* Info.plist */ = {isa = PBXFileReference; lastKnownFileType = text.plist.xml; path = Info.plist; sourceTree = "<group>"; };
		42BA1E87239757A300F879E1 /* main.m */ = {isa = PBXFileReference; lastKnownFileType = sourcecode.c.objc; path = main.m; sourceTree = "<group>"; };
		42BA1E8E2397584C00F879E1 /* UITableView+FixInvalidRowHeight.h */ = {isa = PBXFileReference; lastKnownFileType = sourcecode.c.h; path = "UITableView+FixInvalidRowHeight.h"; sourceTree = "<group>"; };
		42BA1E8F2397584C00F879E1 /* UITableView+FixInvalidRowHeight.m */ = {isa = PBXFileReference; lastKnownFileType = sourcecode.c.objc; path = "UITableView+FixInvalidRowHeight.m"; sourceTree = "<group>"; };
/* End PBXFileReference section */

/* Begin PBXFrameworksBuildPhase section */
		42BA1E6F239757A200F879E1 /* Frameworks */ = {
			isa = PBXFrameworksBuildPhase;
			buildActionMask = 2147483647;
			files = (
			);
			runOnlyForDeploymentPostprocessing = 0;
		};
/* End PBXFrameworksBuildPhase section */

/* Begin PBXGroup section */
		42BA1E69239757A200F879E1 = {
			isa = PBXGroup;
			children = (
				42BA1E74239757A200F879E1 /* FixInvalidRowHeight */,
				42BA1E73239757A200F879E1 /* Products */,
			);
			sourceTree = "<group>";
		};
		42BA1E73239757A200F879E1 /* Products */ = {
			isa = PBXGroup;
			children = (
				42BA1E72239757A200F879E1 /* FixInvalidRowHeight.app */,
			);
			name = Products;
			sourceTree = "<group>";
		};
		42BA1E74239757A200F879E1 /* FixInvalidRowHeight */ = {
			isa = PBXGroup;
			children = (
				42BA1E75239757A200F879E1 /* AppDelegate.h */,
				42BA1E76239757A200F879E1 /* AppDelegate.m */,
				42BA1E78239757A200F879E1 /* SceneDelegate.h */,
				42BA1E79239757A200F879E1 /* SceneDelegate.m */,
				42BA1E7B239757A200F879E1 /* ViewController.h */,
				42BA1E7C239757A200F879E1 /* ViewController.m */,
				42BA1E7E239757A200F879E1 /* Main.storyboard */,
				42BA1E81239757A300F879E1 /* Assets.xcassets */,
				42BA1E83239757A300F879E1 /* LaunchScreen.storyboard */,
				42BA1E86239757A300F879E1 /* Info.plist */,
				42BA1E87239757A300F879E1 /* main.m */,
				42BA1E8E2397584C00F879E1 /* UITableView+FixInvalidRowHeight.h */,
				42BA1E8F2397584C00F879E1 /* UITableView+FixInvalidRowHeight.m */,
			);
			path = FixInvalidRowHeight;
			sourceTree = "<group>";
		};
/* End PBXGroup section */

/* Begin PBXNativeTarget section */
		42BA1E71239757A200F879E1 /* FixInvalidRowHeight */ = {
			isa = PBXNativeTarget;
			buildConfigurationList = 42BA1E8B239757A300F879E1 /* Build configuration list for PBXNativeTarget "FixInvalidRowHeight" */;
			buildPhases = (
				42BA1E6E239757A200F879E1 /* Sources */,
				42BA1E6F239757A200F879E1 /* Frameworks */,
				42BA1E70239757A200F879E1 /* Resources */,
			);
			buildRules = (
			);
			dependencies = (
			);
			name = FixInvalidRowHeight;
			productName = FixInvalidRowHeight;
			productReference = 42BA1E72239757A200F879E1 /* FixInvalidRowHeight.app */;
			productType = "com.apple.product-type.application";
		};
/* End PBXNativeTarget section */

/* Begin PBXProject section */
		42BA1E6A239757A200F879E1 /* Project object */ = {
			isa = PBXProject;
			attributes = {
				LastUpgradeCheck = 1120;
				ORGANIZATIONNAME = "程聪";
				TargetAttributes = {
					42BA1E71239757A200F879E1 = {
						CreatedOnToolsVersion = 11.2.1;
					};
				};
			};
			buildConfigurationList = 42BA1E6D239757A200F879E1 /* Build configuration list for PBXProject "FixInvalidRowHeight" */;
			compatibilityVersion = "Xcode 9.3";
			developmentRegion = en;
			hasScannedForEncodings = 0;
			knownRegions = (
				en,
				Base,
			);
			mainGroup = 42BA1E69239757A200F879E1;
			productRefGroup = 42BA1E73239757A200F879E1 /* Products */;
			projectDirPath = "";
			projectRoot = "";
			targets = (
				42BA1E71239757A200F879E1 /* FixInvalidRowHeight */,
			);
		};
/* End PBXProject section */

/* Begin PBXResourcesBuildPhase section */
		42BA1E70239757A200F879E1 /* Resources */ = {
			isa = PBXResourcesBuildPhase;
			buildActionMask = 2147483647;
			files = (
				42BA1E85239757A300F879E1 /* LaunchScreen.storyboard in Resources */,
				42BA1E82239757A300F879E1 /* Assets.xcassets in Resources */,
				42BA1E80239757A200F879E1 /* Main.storyboard in Resources */,
			);
			runOnlyForDeploymentPostprocessing = 0;
		};
/* End PBXResourcesBuildPhase section */

/* Begin PBXSourcesBuildPhase section */
		42BA1E6E239757A200F879E1 /* Sources */ = {
			isa = PBXSourcesBuildPhase;
			buildActionMask = 2147483647;
			files = (
				42BA1E7D239757A200F879E1 /* ViewController.m in Sources */,
				42BA1E902397584C00F879E1 /* UITableView+FixInvalidRowHeight.m in Sources */,
				42BA1E77239757A200F879E1 /* AppDelegate.m in Sources */,
				42BA1E88239757A300F879E1 /* main.m in Sources */,
				42BA1E7A239757A200F879E1 /* SceneDelegate.m in Sources */,
			);
			runOnlyForDeploymentPostprocessing = 0;
		};
/* End PBXSourcesBuildPhase section */

/* Begin PBXVariantGroup section */
		42BA1E7E239757A200F879E1 /* Main.storyboard */ = {
			isa = PBXVariantGroup;
			children = (
				42BA1E7F239757A200F879E1 /* Base */,
			);
			name = Main.storyboard;
			sourceTree = "<group>";
		};
		42BA1E83239757A300F879E1 /* LaunchScreen.storyboard */ = {
			isa = PBXVariantGroup;
			children = (
				42BA1E84239757A300F879E1 /* Base */,
			);
			name = LaunchScreen.storyboard;
			sourceTree = "<group>";
		};
/* End PBXVariantGroup section */

/* Begin XCBuildConfiguration section */
		42BA1E89239757A300F879E1 /* Debug */ = {
			isa = XCBuildConfiguration;
			buildSettings = {
				ALWAYS_SEARCH_USER_PATHS = NO;
				CLANG_ANALYZER_NONNULL = YES;
				CLANG_ANALYZER_NUMBER_OBJECT_CONVERSION = YES_AGGRESSIVE;
				CLANG_CXX_LANGUAGE_STANDARD = "gnu++14";
				CLANG_CXX_LIBRARY = "libc++";
				CLANG_ENABLE_MODULES = YES;
				CLANG_ENABLE_OBJC_ARC = YES;
				CLANG_ENABLE_OBJC_WEAK = YES;
				CLANG_WARN_BLOCK_CAPTURE_AUTORELEASING = YES;
				CLANG_WARN_BOOL_CONVERSION = YES;
				CLANG_WARN_COMMA = YES;
				CLANG_WARN_CONSTANT_CONVERSION = YES;
				CLANG_WARN_DEPRECATED_OBJC_IMPLEMENTATIONS = YES;
				CLANG_WARN_DIRECT_OBJC_ISA_USAGE = YES_ERROR;
				CLANG_WARN_DOCUMENTATION_COMMENTS = YES;
				CLANG_WARN_EMPTY_BODY = YES;
				CLANG_WARN_ENUM_CONVERSION = YES;
				CLANG_WARN_INFINITE_RECURSION = YES;
				CLANG_WARN_INT_CONVERSION = YES;
				CLANG_WARN_NON_LITERAL_NULL_CONVERSION = YES;
				CLANG_WARN_OBJC_IMPLICIT_RETAIN_SELF = YES;
				CLANG_WARN_OBJC_LITERAL_CONVERSION = YES;
				CLANG_WARN_OBJC_ROOT_CLASS = YES_ERROR;
				CLANG_WARN_RANGE_LOOP_ANALYSIS = YES;
				CLANG_WARN_STRICT_PROTOTYPES = YES;
				CLANG_WARN_SUSPICIOUS_MOVE = YES;
				CLANG_WARN_UNGUARDED_AVAILABILITY = YES_AGGRESSIVE;
				CLANG_WARN_UNREACHABLE_CODE = YES;
				CLANG_WARN__DUPLICATE_METHOD_MATCH = YES;
				COPY_PHASE_STRIP = NO;
				DEBUG_INFORMATION_FORMAT = dwarf;
				ENABLE_STRICT_OBJC_MSGSEND = YES;
				ENABLE_TESTABILITY = YES;
				GCC_C_LANGUAGE_STANDARD = gnu11;
				GCC_DYNAMIC_NO_PIC = NO;
				GCC_NO_COMMON_BLOCKS = YES;
				GCC_OPTIMIZATION_LEVEL = 0;
				GCC_PREPROCESSOR_DEFINITIONS = (
					"DEBUG=1",
					"$(inherited)",
				);
				GCC_WARN_64_TO_32_BIT_CONVERSION = YES;
				GCC_WARN_ABOUT_RETURN_TYPE = YES_ERROR;
				GCC_WARN_UNDECLARED_SELECTOR = YES;
				GCC_WARN_UNINITIALIZED_AUTOS = YES_AGGRESSIVE;
				GCC_WARN_UNUSED_FUNCTION = YES;
				GCC_WARN_UNUSED_VARIABLE = YES;
				IPHONEOS_DEPLOYMENT_TARGET = 13.2;
				MTL_ENABLE_DEBUG_INFO = INCLUDE_SOURCE;
				MTL_FAST_MATH = YES;
				ONLY_ACTIVE_ARCH = YES;
				SDKROOT = iphoneos;
			};
			name = Debug;
		};
		42BA1E8A239757A300F879E1 /* Release */ = {
			isa = XCBuildConfiguration;
			buildSettings = {
				ALWAYS_SEARCH_USER_PATHS = NO;
				CLANG_ANALYZER_NONNULL = YES;
				CLANG_ANALYZER_NUMBER_OBJECT_CONVERSION = YES_AGGRESSIVE;
				CLANG_CXX_LANGUAGE_STANDARD = "gnu++14";
				CLANG_CXX_LIBRARY = "libc++";
				CLANG_ENABLE_MODULES = YES;
				CLANG_ENABLE_OBJC_ARC = YES;
				CLANG_ENABLE_OBJC_WEAK = YES;
				CLANG_WARN_BLOCK_CAPTURE_AUTORELEASING = YES;
				CLANG_WARN_BOOL_CONVERSION = YES;
				CLANG_WARN_COMMA = YES;
				CLANG_WARN_CONSTANT_CONVERSION = YES;
				CLANG_WARN_DEPRECATED_OBJC_IMPLEMENTATIONS = YES;
				CLANG_WARN_DIRECT_OBJC_ISA_USAGE = YES_ERROR;
				CLANG_WARN_DOCUMENTATION_COMMENTS = YES;
				CLANG_WARN_EMPTY_BODY = YES;
				CLANG_WARN_ENUM_CONVERSION = YES;
				CLANG_WARN_INFINITE_RECURSION = YES;
				CLANG_WARN_INT_CONVERSION = YES;
				CLANG_WARN_NON_LITERAL_NULL_CONVERSION = YES;
				CLANG_WARN_OBJC_IMPLICIT_RETAIN_SELF = YES;
				CLANG_WARN_OBJC_LITERAL_CONVERSION = YES;
				CLANG_WARN_OBJC_ROOT_CLASS = YES_ERROR;
				CLANG_WARN_RANGE_LOOP_ANALYSIS = YES;
				CLANG_WARN_STRICT_PROTOTYPES = YES;
				CLANG_WARN_SUSPICIOUS_MOVE = YES;
				CLANG_WARN_UNGUARDED_AVAILABILITY = YES_AGGRESSIVE;
				CLANG_WARN_UNREACHABLE_CODE = YES;
				CLANG_WARN__DUPLICATE_METHOD_MATCH = YES;
				COPY_PHASE_STRIP = NO;
				DEBUG_INFORMATION_FORMAT = "dwarf-with-dsym";
				ENABLE_NS_ASSERTIONS = NO;
				ENABLE_STRICT_OBJC_MSGSEND = YES;
				GCC_C_LANGUAGE_STANDARD = gnu11;
				GCC_NO_COMMON_BLOCKS = YES;
				GCC_WARN_64_TO_32_BIT_CONVERSION = YES;
				GCC_WARN_ABOUT_RETURN_TYPE = YES_ERROR;
				GCC_WARN_UNDECLARED_SELECTOR = YES;
				GCC_WARN_UNINITIALIZED_AUTOS = YES_AGGRESSIVE;
				GCC_WARN_UNUSED_FUNCTION = YES;
				GCC_WARN_UNUSED_VARIABLE = YES;
				IPHONEOS_DEPLOYMENT_TARGET = 13.2;
				MTL_ENABLE_DEBUG_INFO = NO;
				MTL_FAST_MATH = YES;
				SDKROOT = iphoneos;
				VALIDATE_PRODUCT = YES;
			};
			name = Release;
		};
		42BA1E8C239757A300F879E1 /* Debug */ = {
			isa = XCBuildConfiguration;
			buildSettings = {
				ASSETCATALOG_COMPILER_APPICON_NAME = AppIcon;
				CODE_SIGN_STYLE = Automatic;
				DEVELOPMENT_TEAM = P76M9BE8DQ;
				INFOPLIST_FILE = FixInvalidRowHeight/Info.plist;
				IPHONEOS_DEPLOYMENT_TARGET = 10.0;
				LD_RUNPATH_SEARCH_PATHS = (
					"$(inherited)",
					"@executable_path/Frameworks",
				);
				PRODUCT_BUNDLE_IDENTIFIER = com.fixrowheight.www.FixInvalidRowHeight;
				PRODUCT_NAME = "$(TARGET_NAME)";
				TARGETED_DEVICE_FAMILY = "1,2";
			};
			name = Debug;
		};
		42BA1E8D239757A300F879E1 /* Release */ = {
			isa = XCBuildConfiguration;
			buildSettings = {
				ASSETCATALOG_COMPILER_APPICON_NAME = AppIcon;
				CODE_SIGN_STYLE = Automatic;
				DEVELOPMENT_TEAM = P76M9BE8DQ;
				INFOPLIST_FILE = FixInvalidRowHeight/Info.plist;
				IPHONEOS_DEPLOYMENT_TARGET = 10.0;
				LD_RUNPATH_SEARCH_PATHS = (
					"$(inherited)",
					"@executable_path/Frameworks",
				);
				PRODUCT_BUNDLE_IDENTIFIER = com.fixrowheight.www.FixInvalidRowHeight;
				PRODUCT_NAME = "$(TARGET_NAME)";
				TARGETED_DEVICE_FAMILY = "1,2";
			};
			name = Release;
		};
/* End XCBuildConfiguration section */

/* Begin XCConfigurationList section */
		42BA1E6D239757A200F879E1 /* Build configuration list for PBXProject "FixInvalidRowHeight" */ = {
			isa = XCConfigurationList;
			buildConfigurations = (
				42BA1E89239757A300F879E1 /* Debug */,
				42BA1E8A239757A300F879E1 /* Release */,
			);
			defaultConfigurationIsVisible = 0;
			defaultConfigurationName = Release;
		};
		42BA1E8B239757A300F879E1 /* Build configuration list for PBXNativeTarget "FixInvalidRowHeight" */ = {
			isa = XCConfigurationList;
			buildConfigurations = (
				42BA1E8C239757A300F879E1 /* Debug */,
				42BA1E8D239757A300F879E1 /* Release */,
			);
			defaultConfigurationIsVisible = 0;
			defaultConfigurationName = Release;
		};
/* End XCConfigurationList section */
	};
	rootObject = 42BA1E6A239757A200F879E1 /* Project object */;
}
